
Microsoft Visual Studio Solution File, Format Version 12.00
# Visual Studio Version 17
VisualStudioVersion = 17.10.35013.160
MinimumVisualStudioVersion = 10.0.40219.1
Project("{FAE04EC0-301F-11D3-BF4B-00C04F79EFBC}") = "Core", "Project.APIS\Core.csproj", "{DC4F858D-7AF1-4C13-812A-964CD2368E47}"
EndProject
Project("{FAE04EC0-301F-11D3-BF4B-00C04F79EFBC}") = "API", "API\API.csproj", "{89E2DB12-93B3-46AA-941F-F0D087C5B36F}"
EndProject
Project("{FAE04EC0-301F-11D3-BF4B-00C04F79EFBC}") = "Repository", "Repository\Repository.csproj", "{4CA3CBEF-8339-41E4-BFB6-44F1A6C50778}"
EndProject
Project("{FAE04EC0-301F-11D3-BF4B-00C04F79EFBC}") = "Service", "Service\Service.csproj", "{CBDD9396-3353-415C-B1AF-448A3410BBC3}"
EndProject
Global
	GlobalSection(SolutionConfigurationPlatforms) = preSolution
		Debug|Any CPU = Debug|Any CPU
		Release|Any CPU = Release|Any CPU
	EndGlobalSection
	GlobalSection(ProjectConfigurationPlatforms) = postSolution
		{DC4F858D-7AF1-4C13-812A-964CD2368E47}.Debug|Any CPU.ActiveCfg = Debug|Any CPU
		{DC4F858D-7AF1-4C13-812A-964CD2368E47}.Debug|Any CPU.Build.0 = Debug|Any CPU
		{DC4F858D-7AF1-4C13-812A-964CD2368E47}.Release|Any CPU.ActiveCfg = Release|Any CPU
		{DC4F858D-7AF1-4C13-812A-964CD2368E47}.Release|Any CPU.Build.0 = Release|Any CPU
		{89E2DB12-93B3-46AA-941F-F0D087C5B36F}.Debug|Any CPU.ActiveCfg = Debug|Any CPU
		{89E2DB12-93B3-46AA-941F-F0D087C5B36F}.Debug|Any CPU.Build.0 = Debug|Any CPU
		{89E2DB12-93B3-46AA-941F-F0D087C5B36F}.Release|Any CPU.ActiveCfg = Release|Any CPU
		{89E2DB12-93B3-46AA-941F-F0D087C5B36F}.Release|Any CPU.Build.0 = Release|Any CPU
		{4CA3CBEF-8339-41E4-BFB6-44F1A6C50778}.Debug|Any CPU.ActiveCfg = Debug|Any CPU
		{4CA3CBEF-8339-41E4-BFB6-44F1A6C50778}.Debug|Any CPU.Build.0 = Debug|Any CPU
		{4CA3CBEF-8339-41E4-BFB6-44F1A6C50778}.Release|Any CPU.ActiveCfg = Release|Any CPU
		{4CA3CBEF-8339-41E4-BFB6-44F1A6C50778}.Release|Any CPU.Build.0 = Release|Any CPU
		{CBDD9396-3353-415C-B1AF-448A3410BBC3}.Debug|Any CPU.ActiveCfg = Debug|Any CPU
		{CBDD9396-3353-415C-B1AF-448A3410BBC3}.Debug|Any CPU.Build.0 = Debug|Any CPU
		{CBDD9396-3353-415C-B1AF-448A3410BBC3}.Release|Any CPU.ActiveCfg = Release|Any CPU
		{CBDD9396-3353-415C-B1AF-448A3410BBC3}.Release|Any CPU.Build.0 = Release|Any CPU
	EndGlobalSection
	GlobalSection(SolutionProperties) = preSolution
		HideSolutionNode = FALSE
	EndGlobalSection
	GlobalSection(ExtensibilityGlobals) = postSolution
		SolutionGuid = {E270D942-8081-4DB9-AEB2-0181C6C2FEFE}
	EndGlobalSection
EndGlobal
